
Microsoft Visual Studio Solution File, Format Version 12.00
# Visual Studio 15
VisualStudioVersion = 15.0.28010.2036
MinimumVisualStudioVersion = 10.0.40219.1
Project("{FAE04EC0-301F-11D3-BF4B-00C04F79EFBC}") = "TwoLightIoT", "TwoLightIoT\TwoLightIoT.csproj", "{457DE3B5-3459-48AB-970D-DA0202B736E1}"
EndProject
Global
	GlobalSection(SolutionConfigurationPlatforms) = preSolution
		Debug|Any CPU = Debug|Any CPU
		Release|Any CPU = Release|Any CPU
	EndGlobalSection
	GlobalSection(ProjectConfigurationPlatforms) = postSolution
		{457DE3B5-3459-48AB-970D-DA0202B736E1}.Debug|Any CPU.ActiveCfg = Debug|Any CPU
		{457DE3B5-3459-48AB-970D-DA0202B736E1}.Debug|Any CPU.Build.0 = Debug|Any CPU
		{457DE3B5-3459-48AB-970D-DA0202B736E1}.Release|Any CPU.ActiveCfg = Release|Any CPU
		{457DE3B5-3459-48AB-970D-DA0202B736E1}.Release|Any CPU.Build.0 = Release|Any CPU
	EndGlobalSection
	GlobalSection(SolutionProperties) = preSolution
		HideSolutionNode = FALSE
	EndGlobalSection
	GlobalSection(ExtensibilityGlobals) = postSolution
		SolutionGuid = {96340098-2E00-4EAA-AB64-83110ED3078F}
	EndGlobalSection
EndGlobal
